
Microsoft Visual Studio Solution File, Format Version 12.00
# Visual Studio Version 17
VisualStudioVersion = 17.2.32602.215
MinimumVisualStudioVersion = 10.0.40219.1
Project("{FAE04EC0-301F-11D3-BF4B-00C04F79EFBC}") = "Core_file_migration", "Core_file_migration\Core_file_migration.csproj", "{3B1BB383-DC46-46A0-80BF-7180B6E2DC97}"
EndProject
Global
	GlobalSection(SolutionConfigurationPlatforms) = preSolution
		Debug|Any CPU = Debug|Any CPU
		Release|Any CPU = Release|Any CPU
	EndGlobalSection
	GlobalSection(ProjectConfigurationPlatforms) = postSolution
		{3B1BB383-DC46-46A0-80BF-7180B6E2DC97}.Debug|Any CPU.ActiveCfg = Debug|Any CPU
		{3B1BB383-DC46-46A0-80BF-7180B6E2DC97}.Debug|Any CPU.Build.0 = Debug|Any CPU
		{3B1BB383-DC46-46A0-80BF-7180B6E2DC97}.Release|Any CPU.ActiveCfg = Release|Any CPU
		{3B1BB383-DC46-46A0-80BF-7180B6E2DC97}.Release|Any CPU.Build.0 = Release|Any CPU
	EndGlobalSection
	GlobalSection(SolutionProperties) = preSolution
		HideSolutionNode = FALSE
	EndGlobalSection
	GlobalSection(ExtensibilityGlobals) = postSolution
		SolutionGuid = {80BD864C-F87B-4410-8493-FCB4148A8337}
	EndGlobalSection
EndGlobal
